PODS:
  - OrientationTracker (1.0.0)

DEPENDENCIES:
  - OrientationTracker (from `../`)

EXTERNAL SOURCES:
  OrientationTracker:
    :path: "../"

SPEC CHECKSUMS:
  OrientationTracker: 2ae74f5f4f125fa4a4a784913ac44e1b2e93732b

PODFILE CHECKSUM: 00576af6233d459d6a51a3cdad01d161c7ddd3a8

COCOAPODS: 1.5.3
